lockfileVersion: '9.0'

settings:
  autoInstallPeers: true
  excludeLinksFromLockfile: false

importers:

  .:
    dependencies:
      web5:
        specifier: file:/Users/nealr/MY-WORKSPACE/WEB5-RS/web5-rs/bound/typescript
        version: file:../../bound/typescript
    devDependencies:
      typescript:
        specifier: ^5.6.2
        version: 5.6.2

packages:

  typescript@5.6.2:
    resolution: {integrity: sha512-NW8ByodCSNCwZeghjN3o+JX5OFH0Ojg6sadjEKY4huZ52TqbJTJnDo5+Tw98lSy63NZvi4n+ez5m2u5d4PkZyw==}
    engines: {node: '>=14.17'}
    hasBin: true

  web5@file:../../bound/typescript:
    resolution: {directory: ../../bound/typescript, type: directory}
    engines: {node: '>= 18'}

snapshots:

  typescript@5.6.2: {}

  web5@file:../../bound/typescript: {}
